
Microsoft Visual Studio Solution File, Format Version 12.00
# Visual Studio Version 17
VisualStudioVersion = 17.8.34525.116
MinimumVisualStudioVersion = 10.0.40219.1
Project("{9A19103F-16F7-4668-BE54-9A1E7A4F7556}") = "BlazorApp", "BlazorApp\BlazorApp.csproj", "{46249F08-4012-4629-B6FA-01A9CE053CA5}"
EndProject
Project("{9A19103F-16F7-4668-BE54-9A1E7A4F7556}") = "FunctionApp", "FunctionApp\FunctionApp.csproj", "{D0A715C7-CAFC-40A5-8BF3-05E4CEB23AE5}"
EndProject
Project("{9A19103F-16F7-4668-BE54-9A1E7A4F7556}") = "Common", "Common\Common.csproj", "{80E7CA70-CC64-4B86-8779-950B4A1F4DFE}"
EndProject
Global
	GlobalSection(SolutionConfigurationPlatforms) = preSolution
		Debug|Any CPU = Debug|Any CPU
		Release|Any CPU = Release|Any CPU
	EndGlobalSection
	GlobalSection(ProjectConfigurationPlatforms) = postSolution
		{46249F08-4012-4629-B6FA-01A9CE053CA5}.Debug|Any CPU.ActiveCfg = Debug|Any CPU
		{46249F08-4012-4629-B6FA-01A9CE053CA5}.Debug|Any CPU.Build.0 = Debug|Any CPU
		{46249F08-4012-4629-B6FA-01A9CE053CA5}.Release|Any CPU.ActiveCfg = Release|Any CPU
		{46249F08-4012-4629-B6FA-01A9CE053CA5}.Release|Any CPU.Build.0 = Release|Any CPU
		{D0A715C7-CAFC-40A5-8BF3-05E4CEB23AE5}.Debug|Any CPU.ActiveCfg = Debug|Any CPU
		{D0A715C7-CAFC-40A5-8BF3-05E4CEB23AE5}.Debug|Any CPU.Build.0 = Debug|Any CPU
		{D0A715C7-CAFC-40A5-8BF3-05E4CEB23AE5}.Release|Any CPU.ActiveCfg = Release|Any CPU
		{D0A715C7-CAFC-40A5-8BF3-05E4CEB23AE5}.Release|Any CPU.Build.0 = Release|Any CPU
		{80E7CA70-CC64-4B86-8779-950B4A1F4DFE}.Debug|Any CPU.ActiveCfg = Debug|Any CPU
		{80E7CA70-CC64-4B86-8779-950B4A1F4DFE}.Debug|Any CPU.Build.0 = Debug|Any CPU
		{80E7CA70-CC64-4B86-8779-950B4A1F4DFE}.Release|Any CPU.ActiveCfg = Release|Any CPU
		{80E7CA70-CC64-4B86-8779-950B4A1F4DFE}.Release|Any CPU.Build.0 = Release|Any CPU
	EndGlobalSection
	GlobalSection(SolutionProperties) = preSolution
		HideSolutionNode = FALSE
	EndGlobalSection
	GlobalSection(ExtensibilityGlobals) = postSolution
		SolutionGuid = {199BBA07-02C8-4495-AFC8-FD0716F9372F}
	EndGlobalSection
EndGlobal
